
Microsoft Visual Studio Solution File, Format Version 12.00
# Visual Studio Version 17
VisualStudioVersion = 17.8.34309.116
MinimumVisualStudioVersion = 10.0.40219.1
Project("{8BC9CEB8-8B4A-11D0-8D11-00A0C91BC942}") = "职工管理系统", "职工管理系统\职工管理系统.vcxproj", "{ECF23E4C-5DAE-46F3-AA03-E9E1F16590B1}"
EndProject
Global
	GlobalSection(SolutionConfigurationPlatforms) = preSolution
		Debug|x64 = Debug|x64
		Debug|x86 = Debug|x86
		Release|x64 = Release|x64
		Release|x86 = Release|x86
	EndGlobalSection
	GlobalSection(ProjectConfigurationPlatforms) = postSolution
		{ECF23E4C-5DAE-46F3-AA03-E9E1F16590B1}.Debug|x64.ActiveCfg = Debug|x64
		{ECF23E4C-5DAE-46F3-AA03-E9E1F16590B1}.Debug|x64.Build.0 = Debug|x64
		{ECF23E4C-5DAE-46F3-AA03-E9E1F16590B1}.Debug|x86.ActiveCfg = Debug|Win32
		{ECF23E4C-5DAE-46F3-AA03-E9E1F16590B1}.Debug|x86.Build.0 = Debug|Win32
		{ECF23E4C-5DAE-46F3-AA03-E9E1F16590B1}.Release|x64.ActiveCfg = Release|x64
		{ECF23E4C-5DAE-46F3-AA03-E9E1F16590B1}.Release|x64.Build.0 = Release|x64
		{ECF23E4C-5DAE-46F3-AA03-E9E1F16590B1}.Release|x86.ActiveCfg = Release|Win32
		{ECF23E4C-5DAE-46F3-AA03-E9E1F16590B1}.Release|x86.Build.0 = Release|Win32
	EndGlobalSection
	GlobalSection(SolutionProperties) = preSolution
		HideSolutionNode = FALSE
	EndGlobalSection
	GlobalSection(ExtensibilityGlobals) = postSolution
		SolutionGuid = {2B573A21-BB82-4B9F-8CBB-F539A7EBC37A}
	EndGlobalSection
EndGlobal
